
Microsoft Visual Studio Solution File, Format Version 12.00
# Visual Studio 2012
Project("{FAE04EC0-301F-11D3-BF4B-00C04F79EFBC}") = "WatermarkToVideoCreator", "WatermarkToVideoCreator\WatermarkToVideoCreator.csproj", "{EE84117D-30FA-427F-A90D-AC74615F8FE1}"
EndProject
Global
	GlobalSection(SolutionConfigurationPlatforms) = preSolution
		Debug|iPhoneSimulator = Debug|iPhoneSimulator
		Release|iPhone = Release|iPhone
		Release|iPhoneSimulator = Release|iPhoneSimulator
		Debug|iPhone = Debug|iPhone
	EndGlobalSection
	GlobalSection(ProjectConfigurationPlatforms) = postSolution
		{EE84117D-30FA-427F-A90D-AC74615F8FE1}.Debug|iPhoneSimulator.ActiveCfg = Debug|iPhoneSimulator
		{EE84117D-30FA-427F-A90D-AC74615F8FE1}.Debug|iPhoneSimulator.Build.0 = Debug|iPhoneSimulator
		{EE84117D-30FA-427F-A90D-AC74615F8FE1}.Release|iPhone.ActiveCfg = Release|iPhone
		{EE84117D-30FA-427F-A90D-AC74615F8FE1}.Release|iPhone.Build.0 = Release|iPhone
		{EE84117D-30FA-427F-A90D-AC74615F8FE1}.Release|iPhoneSimulator.ActiveCfg = Release|iPhoneSimulator
		{EE84117D-30FA-427F-A90D-AC74615F8FE1}.Release|iPhoneSimulator.Build.0 = Release|iPhoneSimulator
		{EE84117D-30FA-427F-A90D-AC74615F8FE1}.Debug|iPhone.ActiveCfg = Debug|iPhone
		{EE84117D-30FA-427F-A90D-AC74615F8FE1}.Debug|iPhone.Build.0 = Debug|iPhone
	EndGlobalSection
EndGlobal
